{
  "name": "scrap-shift",
  "version": "1.0.0",
  "lockfileVersion": 3,
  "requires": true,
  "packages": {
    "": {
      "name": "scrap-shift",
      "version": "1.0.0",
      "license": "ISC",
      "devDependencies": {
        "electrion": "^0.0.1-security"
      }
    },
    "node_modules/electrion": {
      "version": "0.0.1-security",
      "resolved": "https://registry.npmjs.org/electrion/-/electrion-0.0.1-security.tgz",
      "integrity": "sha512-EAF0WHnR2DlD458J9TQhYOrHj8yWqmbnvybGErVhyGnxdkaNstxzUn/9lYyjjx0g0rQXIsOWUHvQ2ffkh+O0Zg==",
      "dev": true
    }
  }
}
